<?xml version="1.0" encoding="UTF-8" standalone="yes" ?>
<CodeBlocks_project_file>
	<FileVersion major="1" minor="6" />
	<Project>
		<Option title="main" />
		<Option pch_mode="2" />
		<Option compiler="gcc" />
		<Build>
			<Target title="Release">
				<Option output="main" prefix_auto="1" extension_auto="1" />
				<Option working_dir=".." />
				<Option object_output="obj/" />
				<Option type="1" />
				<Option compiler="gcc" />
				<Option projectCompilerOptionsRelation="0" />
			</Target>
		</Build>
		<Compiler>
			<Add option="-Wall" />
			<Add option="-Wextra" />
			<Add option="-Wfatal-errors" />
			<Add option="-O3" />
			<Add option="-flto" />
			<Add directory="../ZDK/ZTM" />
			<Add directory="../ZDK/ZTL" />
			<Add directory="../ZDK/ZTK" />
		</Compiler>
		<ResourceCompiler>
			<Add directory="../ZDK/ZTM" />
			<Add directory="../ZDK/ZTK" />
			<Add directory="../ZDK/ZTL" />
		</ResourceCompiler>
		<Linker>
			<Add option="-lZTM -lZTL -lZTK" />
			<Add option="-O3" />
			<Add option="-flto" />
			<Add option="-s" />
			<Add directory=".." />
		</Linker>
		<Unit filename="main.c">
			<Option compilerVar="CC" />
		</Unit>
		<Extensions>
			<code_completion />
			<envvars />
			<debugger />
			<lib_finder disable_auto="1" />
		</Extensions>
	</Project>
</CodeBlocks_project_file>
